
Microsoft Visual Studio Solution File, Format Version 12.00
# Visual Studio Version 17
VisualStudioVersion = 17.7.34221.43
MinimumVisualStudioVersion = 10.0.40219.1
Project("{FAE04EC0-301F-11D3-BF4B-00C04F79EFBC}") = "Test", "Test\Test.csproj", "{DCCCC001-C2A9-437A-9D50-4DA5A37F9AB5}"
EndProject
Project("{2150E333-8FDC-42A3-9474-1A3956D46DE8}") = "Solution Items", "Solution Items", "{7B79A1CE-C1E9-4181-80E4-0A9C361DD930}"
	ProjectSection(SolutionItems) = preProject
		TextFile1.txt = TextFile1.txt
	EndProjectSection
EndProject
Project("{FAE04EC0-301F-11D3-BF4B-00C04F79EFBC}") = "CaveExplorers_FirstPlayable_ WillB", "..\CaveExplorers_FirstPlayable_ WillB\CaveExplorers_FirstPlayable_ WillB\CaveExplorers_FirstPlayable_ WillB.csproj", "{AF2751F3-A58D-4852-B6FE-78D712D0A9B0}"
EndProject
Global
	GlobalSection(SolutionConfigurationPlatforms) = preSolution
		Debug|Any CPU = Debug|Any CPU
		Release|Any CPU = Release|Any CPU
	EndGlobalSection
	GlobalSection(ProjectConfigurationPlatforms) = postSolution
		{DCCCC001-C2A9-437A-9D50-4DA5A37F9AB5}.Debug|Any CPU.ActiveCfg = Debug|Any CPU
		{DCCCC001-C2A9-437A-9D50-4DA5A37F9AB5}.Debug|Any CPU.Build.0 = Debug|Any CPU
		{DCCCC001-C2A9-437A-9D50-4DA5A37F9AB5}.Release|Any CPU.ActiveCfg = Release|Any CPU
		{DCCCC001-C2A9-437A-9D50-4DA5A37F9AB5}.Release|Any CPU.Build.0 = Release|Any CPU
		{AF2751F3-A58D-4852-B6FE-78D712D0A9B0}.Debug|Any CPU.ActiveCfg = Debug|Any CPU
		{AF2751F3-A58D-4852-B6FE-78D712D0A9B0}.Debug|Any CPU.Build.0 = Debug|Any CPU
		{AF2751F3-A58D-4852-B6FE-78D712D0A9B0}.Release|Any CPU.ActiveCfg = Release|Any CPU
		{AF2751F3-A58D-4852-B6FE-78D712D0A9B0}.Release|Any CPU.Build.0 = Release|Any CPU
	EndGlobalSection
	GlobalSection(SolutionProperties) = preSolution
		HideSolutionNode = FALSE
	EndGlobalSection
	GlobalSection(ExtensibilityGlobals) = postSolution
		SolutionGuid = {85513E8A-4B75-4B41-BEE4-47FADA811F4E}
	EndGlobalSection
EndGlobal
